
Microsoft Visual Studio Solution File, Format Version 12.00
# Visual Studio Version 17
VisualStudioVersion = 17.5.002.0
MinimumVisualStudioVersion = 10.0.40219.1
Project("{9A19103F-16F7-4668-BE54-9A1E7A4F7556}") = "consumindo_api", "Consumindo_API\consumindo_api.csproj", "{E67B05DD-4FDF-4CE8-8D30-4C800DB4A397}"
EndProject
Project("{9A19103F-16F7-4668-BE54-9A1E7A4F7556}") = "desafio-02", "Desafio-02\desafio-02.csproj", "{7144F1DD-463A-4753-A3BD-EF01308B80B7}"
EndProject
Project("{9A19103F-16F7-4668-BE54-9A1E7A4F7556}") = "orientacao_objetos", "Orientacao_Objetos\orientacao_objetos.csproj", "{98ACC8F7-EFAA-45F8-842D-83356E6D6353}"
EndProject
Project("{2150E333-8FDC-42A3-9474-1A3956D46DE8}") = "Array_Collections_C-CodigoInicial", "Array_Collections_C-CodigoInicial", "{234B7560-F49E-4946-A796-F95483B05B03}"
EndProject
Project("{9A19103F-16F7-4668-BE54-9A1E7A4F7556}") = "bytebank_ATENDIMENTO", "Array_Collections_C-CodigoInicial\bytebank_ATENDIMENTO\bytebank_ATENDIMENTO.csproj", "{B21269BF-8BF3-412A-AE99-900E37F0B63B}"
EndProject
Project("{2150E333-8FDC-42A3-9474-1A3956D46DE8}") = "Desafios", "Desafios", "{8A0B7A9C-CFD9-4E8D-A562-CAF5A2B31681}"
EndProject
Project("{9A19103F-16F7-4668-BE54-9A1E7A4F7556}") = "desafio-01", "Desafios\Desafio-01\desafio-01.csproj", "{74B12D6F-1EFD-44C3-B521-CB05F66957D7}"
EndProject
Project("{2150E333-8FDC-42A3-9474-1A3956D46DE8}") = "Orientacao_Objetos", "Orientacao_Objetos", "{3D92AE05-236D-4785-8248-884E1E8060AF}"
EndProject
Project("{9A19103F-16F7-4668-BE54-9A1E7A4F7556}") = "series", "Orientacao_Objetos\Series\series.csproj", "{5D88F8B0-1E54-4245-A7A5-167E0E76ECD7}"
EndProject
Global
	GlobalSection(SolutionConfigurationPlatforms) = preSolution
		Debug|Any CPU = Debug|Any CPU
		Release|Any CPU = Release|Any CPU
	EndGlobalSection
	GlobalSection(ProjectConfigurationPlatforms) = postSolution
		{E67B05DD-4FDF-4CE8-8D30-4C800DB4A397}.Debug|Any CPU.ActiveCfg = Debug|Any CPU
		{E67B05DD-4FDF-4CE8-8D30-4C800DB4A397}.Debug|Any CPU.Build.0 = Debug|Any CPU
		{E67B05DD-4FDF-4CE8-8D30-4C800DB4A397}.Release|Any CPU.ActiveCfg = Release|Any CPU
		{E67B05DD-4FDF-4CE8-8D30-4C800DB4A397}.Release|Any CPU.Build.0 = Release|Any CPU
		{7144F1DD-463A-4753-A3BD-EF01308B80B7}.Debug|Any CPU.ActiveCfg = Debug|Any CPU
		{7144F1DD-463A-4753-A3BD-EF01308B80B7}.Debug|Any CPU.Build.0 = Debug|Any CPU
		{7144F1DD-463A-4753-A3BD-EF01308B80B7}.Release|Any CPU.ActiveCfg = Release|Any CPU
		{7144F1DD-463A-4753-A3BD-EF01308B80B7}.Release|Any CPU.Build.0 = Release|Any CPU
		{98ACC8F7-EFAA-45F8-842D-83356E6D6353}.Debug|Any CPU.ActiveCfg = Debug|Any CPU
		{98ACC8F7-EFAA-45F8-842D-83356E6D6353}.Debug|Any CPU.Build.0 = Debug|Any CPU
		{98ACC8F7-EFAA-45F8-842D-83356E6D6353}.Release|Any CPU.ActiveCfg = Release|Any CPU
		{98ACC8F7-EFAA-45F8-842D-83356E6D6353}.Release|Any CPU.Build.0 = Release|Any CPU
		{B21269BF-8BF3-412A-AE99-900E37F0B63B}.Debug|Any CPU.ActiveCfg = Debug|Any CPU
		{B21269BF-8BF3-412A-AE99-900E37F0B63B}.Debug|Any CPU.Build.0 = Debug|Any CPU
		{B21269BF-8BF3-412A-AE99-900E37F0B63B}.Release|Any CPU.ActiveCfg = Release|Any CPU
		{B21269BF-8BF3-412A-AE99-900E37F0B63B}.Release|Any CPU.Build.0 = Release|Any CPU
		{74B12D6F-1EFD-44C3-B521-CB05F66957D7}.Debug|Any CPU.ActiveCfg = Debug|Any CPU
		{74B12D6F-1EFD-44C3-B521-CB05F66957D7}.Debug|Any CPU.Build.0 = Debug|Any CPU
		{74B12D6F-1EFD-44C3-B521-CB05F66957D7}.Release|Any CPU.ActiveCfg = Release|Any CPU
		{74B12D6F-1EFD-44C3-B521-CB05F66957D7}.Release|Any CPU.Build.0 = Release|Any CPU
		{5D88F8B0-1E54-4245-A7A5-167E0E76ECD7}.Debug|Any CPU.ActiveCfg = Debug|Any CPU
		{5D88F8B0-1E54-4245-A7A5-167E0E76ECD7}.Debug|Any CPU.Build.0 = Debug|Any CPU
		{5D88F8B0-1E54-4245-A7A5-167E0E76ECD7}.Release|Any CPU.ActiveCfg = Release|Any CPU
		{5D88F8B0-1E54-4245-A7A5-167E0E76ECD7}.Release|Any CPU.Build.0 = Release|Any CPU
	EndGlobalSection
	GlobalSection(SolutionProperties) = preSolution
		HideSolutionNode = FALSE
	EndGlobalSection
	GlobalSection(NestedProjects) = preSolution
		{B21269BF-8BF3-412A-AE99-900E37F0B63B} = {234B7560-F49E-4946-A796-F95483B05B03}
		{74B12D6F-1EFD-44C3-B521-CB05F66957D7} = {8A0B7A9C-CFD9-4E8D-A562-CAF5A2B31681}
		{5D88F8B0-1E54-4245-A7A5-167E0E76ECD7} = {3D92AE05-236D-4785-8248-884E1E8060AF}
	EndGlobalSection
	GlobalSection(ExtensibilityGlobals) = postSolution
		SolutionGuid = {59ED842D-5895-4669-8DB3-31617B87A5CB}
	EndGlobalSection
EndGlobal
